Microsoft Visual Studio Solution File, Format Version 12.00
# Visual Studio 2015
Project("{FAE04EC0-301F-11D3-BF4B-00C04F79EFBC}") = "templateMenu - Clicker", "templateMenu - Clicker.csproj", "{DE65638D-B857-546A-FE2A-ADD4C7BD393B}"
EndProject
Project("{FAE04EC0-301F-11D3-BF4B-00C04F79EFBC}") = "templateMenu - Clicker.Editor", "templateMenu - Clicker.Editor.csproj", "{4C9B67AA-A26A-B6BE-C12C-AF29D242D222}"
EndProject
Global
	GlobalSection(SolutionConfigurationPlatforms) = preSolution
		Debug|Any CPU = Debug|Any CPU
		Release|Any CPU = Release|Any CPU
	EndGlobalSection
	GlobalSection(ProjectConfigurationPlatforms) = postSolution
		{DE65638D-B857-546A-FE2A-ADD4C7BD393B}.Debug|Any CPU.ActiveCfg = Debug|Any CPU
		{DE65638D-B857-546A-FE2A-ADD4C7BD393B}.Debug|Any CPU.Build.0 = Debug|Any CPU
		{DE65638D-B857-546A-FE2A-ADD4C7BD393B}.Release|Any CPU.ActiveCfg = Release|Any CPU
		{DE65638D-B857-546A-FE2A-ADD4C7BD393B}.Release|Any CPU.Build.0 = Release|Any CPU
		{4C9B67AA-A26A-B6BE-C12C-AF29D242D222}.Debug|Any CPU.ActiveCfg = Debug|Any CPU
		{4C9B67AA-A26A-B6BE-C12C-AF29D242D222}.Debug|Any CPU.Build.0 = Debug|Any CPU
		{4C9B67AA-A26A-B6BE-C12C-AF29D242D222}.Release|Any CPU.ActiveCfg = Release|Any CPU
		{4C9B67AA-A26A-B6BE-C12C-AF29D242D222}.Release|Any CPU.Build.0 = Release|Any CPU
	EndGlobalSection
EndGlobal
